
Microsoft Visual Studio Solution File, Format Version 12.00
# Visual Studio 15
VisualStudioVersion = 15.0.27004.2009
MinimumVisualStudioVersion = 10.0.40219.1
Project("{8BC9CEB8-8B4A-11D0-8D11-00A0C91BC942}") = "DTA", "DTA\DTA.vcxproj", "{FECD0FF4-094C-4803-8F17-2BD095B0BB85}"
EndProject
Project("{8BC9CEB8-8B4A-11D0-8D11-00A0C91BC942}") = "SysLib", "SysLib\SysLib.vcxproj", "{6287A9EF-D246-492C-88E3-E4D60EF40D97}"
EndProject
Project("{8BC9CEB8-8B4A-11D0-8D11-00A0C91BC942}") = "NodeFlags", "NodeFlags\NodeFlags.vcxproj", "{890D8319-BD5F-4820-A50D-0F3C3BFFD7CB}"
EndProject
Project("{8BC9CEB8-8B4A-11D0-8D11-00A0C91BC942}") = "DataFiles", "DataFiles\DataFiles.vcxproj", "{BF3E0243-A0E9-42A1-B4CD-322B0FEE9AC8}"
EndProject
Global
	GlobalSection(SolutionConfigurationPlatforms) = preSolution
		Debug|x64 = Debug|x64
		Debug|x86 = Debug|x86
		Release|x64 = Release|x64
		Release|x86 = Release|x86
	EndGlobalSection
	GlobalSection(ProjectConfigurationPlatforms) = postSolution
		{FECD0FF4-094C-4803-8F17-2BD095B0BB85}.Debug|x64.ActiveCfg = Debug|x64
		{FECD0FF4-094C-4803-8F17-2BD095B0BB85}.Debug|x64.Build.0 = Debug|x64
		{FECD0FF4-094C-4803-8F17-2BD095B0BB85}.Debug|x86.ActiveCfg = Debug|Win32
		{FECD0FF4-094C-4803-8F17-2BD095B0BB85}.Debug|x86.Build.0 = Debug|Win32
		{FECD0FF4-094C-4803-8F17-2BD095B0BB85}.Release|x64.ActiveCfg = Release|x64
		{FECD0FF4-094C-4803-8F17-2BD095B0BB85}.Release|x64.Build.0 = Release|x64
		{FECD0FF4-094C-4803-8F17-2BD095B0BB85}.Release|x86.ActiveCfg = Release|Win32
		{FECD0FF4-094C-4803-8F17-2BD095B0BB85}.Release|x86.Build.0 = Release|Win32
		{6287A9EF-D246-492C-88E3-E4D60EF40D97}.Debug|x64.ActiveCfg = Debug|x64
		{6287A9EF-D246-492C-88E3-E4D60EF40D97}.Debug|x64.Build.0 = Debug|x64
		{6287A9EF-D246-492C-88E3-E4D60EF40D97}.Debug|x86.ActiveCfg = Debug|Win32
		{6287A9EF-D246-492C-88E3-E4D60EF40D97}.Debug|x86.Build.0 = Debug|Win32
		{6287A9EF-D246-492C-88E3-E4D60EF40D97}.Release|x64.ActiveCfg = Release|x64
		{6287A9EF-D246-492C-88E3-E4D60EF40D97}.Release|x64.Build.0 = Release|x64
		{6287A9EF-D246-492C-88E3-E4D60EF40D97}.Release|x86.ActiveCfg = Release|Win32
		{6287A9EF-D246-492C-88E3-E4D60EF40D97}.Release|x86.Build.0 = Release|Win32
		{890D8319-BD5F-4820-A50D-0F3C3BFFD7CB}.Debug|x64.ActiveCfg = Debug|x64
		{890D8319-BD5F-4820-A50D-0F3C3BFFD7CB}.Debug|x64.Build.0 = Debug|x64
		{890D8319-BD5F-4820-A50D-0F3C3BFFD7CB}.Debug|x86.ActiveCfg = Debug|Win32
		{890D8319-BD5F-4820-A50D-0F3C3BFFD7CB}.Debug|x86.Build.0 = Debug|Win32
		{890D8319-BD5F-4820-A50D-0F3C3BFFD7CB}.Release|x64.ActiveCfg = Release|x64
		{890D8319-BD5F-4820-A50D-0F3C3BFFD7CB}.Release|x64.Build.0 = Release|x64
		{890D8319-BD5F-4820-A50D-0F3C3BFFD7CB}.Release|x86.ActiveCfg = Release|Win32
		{890D8319-BD5F-4820-A50D-0F3C3BFFD7CB}.Release|x86.Build.0 = Release|Win32
		{BF3E0243-A0E9-42A1-B4CD-322B0FEE9AC8}.Debug|x64.ActiveCfg = Debug|x64
		{BF3E0243-A0E9-42A1-B4CD-322B0FEE9AC8}.Debug|x64.Build.0 = Debug|x64
		{BF3E0243-A0E9-42A1-B4CD-322B0FEE9AC8}.Debug|x86.ActiveCfg = Debug|Win32
		{BF3E0243-A0E9-42A1-B4CD-322B0FEE9AC8}.Debug|x86.Build.0 = Debug|Win32
		{BF3E0243-A0E9-42A1-B4CD-322B0FEE9AC8}.Release|x64.ActiveCfg = Release|x64
		{BF3E0243-A0E9-42A1-B4CD-322B0FEE9AC8}.Release|x64.Build.0 = Release|x64
		{BF3E0243-A0E9-42A1-B4CD-322B0FEE9AC8}.Release|x86.ActiveCfg = Release|Win32
		{BF3E0243-A0E9-42A1-B4CD-322B0FEE9AC8}.Release|x86.Build.0 = Release|Win32
	EndGlobalSection
	GlobalSection(SolutionProperties) = preSolution
		HideSolutionNode = FALSE
	EndGlobalSection
	GlobalSection(ExtensibilityGlobals) = postSolution
		VisualSVNWorkingCopyRoot = .
		SolutionGuid = {31F11337-4AAF-4845-95C6-AF872C021632}
	EndGlobalSection
EndGlobal
